
Microsoft Visual Studio Solution File, Format Version 12.00
# Visual Studio 14
VisualStudioVersion = 14.0.25420.1
MinimumVisualStudioVersion = 10.0.40219.1
Project("{FAE04EC0-301F-11D3-BF4B-00C04F79EFBC}") = "StatusBarTaskDispatcher", "StatusBarTaskDispatcher\StatusBarTaskDispatcher.csproj", "{B970C0E8-6ACB-4B1F-8179-CB4E66C6130F}"
EndProject
Project("{FAE04EC0-301F-11D3-BF4B-00C04F79EFBC}") = "SearchAThing.Wpf.Toolkit", "..\..\SearchAThing.Wpf.Toolkit\src\SearchAThing.Wpf.Toolkit\SearchAThing.Wpf.Toolkit.csproj", "{A413694A-6EE9-4C92-AB7A-C7EE8C92A2FF}"
EndProject
Project("{FAE04EC0-301F-11D3-BF4B-00C04F79EFBC}") = "MongoDBWpf", "MongoDBWpf\MongoDBWpf.csproj", "{C7F11A90-9C04-47E4-A185-2340DFC50E95}"
EndProject
Project("{FAE04EC0-301F-11D3-BF4B-00C04F79EFBC}") = "UITask", "UITask\UITask.csproj", "{B323401F-448F-462E-9AF2-6D34FEF7900C}"
EndProject
Project("{FAE04EC0-301F-11D3-BF4B-00C04F79EFBC}") = "MongoScopedChildren", "MongoScopedChildren\MongoScopedChildren.csproj", "{E4B704E3-4529-4BB4-9F8B-57B9D1276612}"
EndProject
Project("{FAE04EC0-301F-11D3-BF4B-00C04F79EFBC}") = "SearchAThing.Core", "..\..\SearchAThing.Core\src\SearchAThing.Core.csproj", "{8162A30E-A46D-4A78-BA12-1F376AC6F1B4}"
EndProject
Project("{FAE04EC0-301F-11D3-BF4B-00C04F79EFBC}") = "MongoConcurrency", "MongoConcurrency\MongoConcurrency.csproj", "{C3893D47-A3CE-4496-A5C6-5D1458588315}"
EndProject
Project("{FAE04EC0-301F-11D3-BF4B-00C04F79EFBC}") = "SearchAThing.Sci", "..\..\SearchAThing.Sci\src\SearchAThing.Sci.csproj", "{F9D7F0EE-D4FF-4455-87BE-08539D2D1982}"
EndProject
Project("{FAE04EC0-301F-11D3-BF4B-00C04F79EFBC}") = "SearchAThing.Sci.GUI", "..\..\SearchAThing.Sci.GUI\src\SearchAThing.Sci.GUI.csproj", "{C73FFCC5-1967-4DD1-A50E-861008D21C65}"
EndProject
Project("{FAE04EC0-301F-11D3-BF4B-00C04F79EFBC}") = "netDxf", "..\..\netdxf\netDxf\netDxf.csproj", "{785380E0-CEB9-4C34-82E5-60D0E33E848E}"
EndProject
Project("{FAE04EC0-301F-11D3-BF4B-00C04F79EFBC}") = "clipper_library", "..\..\clipper\C#\clipper_library\clipper_library.csproj", "{9B062971-A88E-4A3D-B3C9-12B78D15FA66}"
EndProject
Project("{FAE04EC0-301F-11D3-BF4B-00C04F79EFBC}") = "SearchAThing.MongoDB", "..\..\SearchAThing.MongoDB\src\SearchAThing.MongoDB.csproj", "{F5FFA03A-B8FE-4D00-A143-976F7572C8C1}"
EndProject
Project("{FAE04EC0-301F-11D3-BF4B-00C04F79EFBC}") = "MongoContextSample", "MongoContext\MongoContextSample.csproj", "{F1C189EC-558C-4FBA-BD39-3696FC0EA4E1}"
EndProject
Project("{FAE04EC0-301F-11D3-BF4B-00C04F79EFBC}") = "SearchAThing.UnitTests", "..\..\SearchAThing.UnitTest\src\SearchAThing.UnitTests.csproj", "{0FEE5A0E-3DD1-48CE-B20A-08FFF2B6DC60}"
EndProject
Project("{8BC9CEB8-8B4A-11D0-8D11-00A0C91BC942}") = "CPPClassTest", "CPPClassTest\CPPClassTest.vcxproj", "{DB2581E6-7593-4009-93D7-9653A19B2441}"
EndProject
Project("{FAE04EC0-301F-11D3-BF4B-00C04F79EFBC}") = "CPPClassInterfacing", "CPPClassInterfacing\CPPClassInterfacing.csproj", "{F638615D-771C-4B31-9666-7E36DE22211A}"
EndProject
Global
	GlobalSection(SolutionConfigurationPlatforms) = preSolution
		Debug|Any CPU = Debug|Any CPU
		Debug|x64 = Debug|x64
		Debug|x86 = Debug|x86
		Debug2|Any CPU = Debug2|Any CPU
		Debug2|x64 = Debug2|x64
		Debug2|x86 = Debug2|x86
		Release|Any CPU = Release|Any CPU
		Release|x64 = Release|x64
		Release|x86 = Release|x86
	EndGlobalSection
	GlobalSection(ProjectConfigurationPlatforms) = postSolution
		{B970C0E8-6ACB-4B1F-8179-CB4E66C6130F}.Debug|Any CPU.ActiveCfg = Debug|Any CPU
		{B970C0E8-6ACB-4B1F-8179-CB4E66C6130F}.Debug|Any CPU.Build.0 = Debug|Any CPU
		{B970C0E8-6ACB-4B1F-8179-CB4E66C6130F}.Debug|x64.ActiveCfg = Debug|Any CPU
		{B970C0E8-6ACB-4B1F-8179-CB4E66C6130F}.Debug|x64.Build.0 = Debug|Any CPU
		{B970C0E8-6ACB-4B1F-8179-CB4E66C6130F}.Debug|x86.ActiveCfg = Debug|Any CPU
		{B970C0E8-6ACB-4B1F-8179-CB4E66C6130F}.Debug|x86.Build.0 = Debug|Any CPU
		{B970C0E8-6ACB-4B1F-8179-CB4E66C6130F}.Debug2|Any CPU.ActiveCfg = Debug|Any CPU
		{B970C0E8-6ACB-4B1F-8179-CB4E66C6130F}.Debug2|Any CPU.Build.0 = Debug|Any CPU
		{B970C0E8-6ACB-4B1F-8179-CB4E66C6130F}.Debug2|x64.ActiveCfg = Debug|Any CPU
		{B970C0E8-6ACB-4B1F-8179-CB4E66C6130F}.Debug2|x64.Build.0 = Debug|Any CPU
		{B970C0E8-6ACB-4B1F-8179-CB4E66C6130F}.Debug2|x86.ActiveCfg = Debug|Any CPU
		{B970C0E8-6ACB-4B1F-8179-CB4E66C6130F}.Debug2|x86.Build.0 = Debug|Any CPU
		{B970C0E8-6ACB-4B1F-8179-CB4E66C6130F}.Release|Any CPU.ActiveCfg = Release|Any CPU
		{B970C0E8-6ACB-4B1F-8179-CB4E66C6130F}.Release|Any CPU.Build.0 = Release|Any CPU
		{B970C0E8-6ACB-4B1F-8179-CB4E66C6130F}.Release|x64.ActiveCfg = Release|Any CPU
		{B970C0E8-6ACB-4B1F-8179-CB4E66C6130F}.Release|x64.Build.0 = Release|Any CPU
		{B970C0E8-6ACB-4B1F-8179-CB4E66C6130F}.Release|x86.ActiveCfg = Release|Any CPU
		{B970C0E8-6ACB-4B1F-8179-CB4E66C6130F}.Release|x86.Build.0 = Release|Any CPU
		{A413694A-6EE9-4C92-AB7A-C7EE8C92A2FF}.Debug|Any CPU.ActiveCfg = Debug|Any CPU
		{A413694A-6EE9-4C92-AB7A-C7EE8C92A2FF}.Debug|Any CPU.Build.0 = Debug|Any CPU
		{A413694A-6EE9-4C92-AB7A-C7EE8C92A2FF}.Debug|x64.ActiveCfg = Debug|Any CPU
		{A413694A-6EE9-4C92-AB7A-C7EE8C92A2FF}.Debug|x64.Build.0 = Debug|Any CPU
		{A413694A-6EE9-4C92-AB7A-C7EE8C92A2FF}.Debug|x86.ActiveCfg = Debug|Any CPU
		{A413694A-6EE9-4C92-AB7A-C7EE8C92A2FF}.Debug|x86.Build.0 = Debug|Any CPU
		{A413694A-6EE9-4C92-AB7A-C7EE8C92A2FF}.Debug2|Any CPU.ActiveCfg = Debug|Any CPU
		{A413694A-6EE9-4C92-AB7A-C7EE8C92A2FF}.Debug2|Any CPU.Build.0 = Debug|Any CPU
		{A413694A-6EE9-4C92-AB7A-C7EE8C92A2FF}.Debug2|x64.ActiveCfg = Debug|Any CPU
		{A413694A-6EE9-4C92-AB7A-C7EE8C92A2FF}.Debug2|x64.Build.0 = Debug|Any CPU
		{A413694A-6EE9-4C92-AB7A-C7EE8C92A2FF}.Debug2|x86.ActiveCfg = Debug|Any CPU
		{A413694A-6EE9-4C92-AB7A-C7EE8C92A2FF}.Debug2|x86.Build.0 = Debug|Any CPU
		{A413694A-6EE9-4C92-AB7A-C7EE8C92A2FF}.Release|Any CPU.ActiveCfg = Release|Any CPU
		{A413694A-6EE9-4C92-AB7A-C7EE8C92A2FF}.Release|Any CPU.Build.0 = Release|Any CPU
		{A413694A-6EE9-4C92-AB7A-C7EE8C92A2FF}.Release|x64.ActiveCfg = Release|Any CPU
		{A413694A-6EE9-4C92-AB7A-C7EE8C92A2FF}.Release|x64.Build.0 = Release|Any CPU
		{A413694A-6EE9-4C92-AB7A-C7EE8C92A2FF}.Release|x86.ActiveCfg = Release|Any CPU
		{A413694A-6EE9-4C92-AB7A-C7EE8C92A2FF}.Release|x86.Build.0 = Release|Any CPU
		{C7F11A90-9C04-47E4-A185-2340DFC50E95}.Debug|Any CPU.ActiveCfg = Debug|Any CPU
		{C7F11A90-9C04-47E4-A185-2340DFC50E95}.Debug|Any CPU.Build.0 = Debug|Any CPU
		{C7F11A90-9C04-47E4-A185-2340DFC50E95}.Debug|x64.ActiveCfg = Debug|Any CPU
		{C7F11A90-9C04-47E4-A185-2340DFC50E95}.Debug|x64.Build.0 = Debug|Any CPU
		{C7F11A90-9C04-47E4-A185-2340DFC50E95}.Debug|x86.ActiveCfg = Debug|Any CPU
		{C7F11A90-9C04-47E4-A185-2340DFC50E95}.Debug|x86.Build.0 = Debug|Any CPU
		{C7F11A90-9C04-47E4-A185-2340DFC50E95}.Debug2|Any CPU.ActiveCfg = Debug|Any CPU
		{C7F11A90-9C04-47E4-A185-2340DFC50E95}.Debug2|Any CPU.Build.0 = Debug|Any CPU
		{C7F11A90-9C04-47E4-A185-2340DFC50E95}.Debug2|x64.ActiveCfg = Debug|Any CPU
		{C7F11A90-9C04-47E4-A185-2340DFC50E95}.Debug2|x64.Build.0 = Debug|Any CPU
		{C7F11A90-9C04-47E4-A185-2340DFC50E95}.Debug2|x86.ActiveCfg = Debug|Any CPU
		{C7F11A90-9C04-47E4-A185-2340DFC50E95}.Debug2|x86.Build.0 = Debug|Any CPU
		{C7F11A90-9C04-47E4-A185-2340DFC50E95}.Release|Any CPU.ActiveCfg = Release|Any CPU
		{C7F11A90-9C04-47E4-A185-2340DFC50E95}.Release|Any CPU.Build.0 = Release|Any CPU
		{C7F11A90-9C04-47E4-A185-2340DFC50E95}.Release|x64.ActiveCfg = Release|Any CPU
		{C7F11A90-9C04-47E4-A185-2340DFC50E95}.Release|x64.Build.0 = Release|Any CPU
		{C7F11A90-9C04-47E4-A185-2340DFC50E95}.Release|x86.ActiveCfg = Release|Any CPU
		{C7F11A90-9C04-47E4-A185-2340DFC50E95}.Release|x86.Build.0 = Release|Any CPU
		{B323401F-448F-462E-9AF2-6D34FEF7900C}.Debug|Any CPU.ActiveCfg = Debug|Any CPU
		{B323401F-448F-462E-9AF2-6D34FEF7900C}.Debug|Any CPU.Build.0 = Debug|Any CPU
		{B323401F-448F-462E-9AF2-6D34FEF7900C}.Debug|x64.ActiveCfg = Debug|Any CPU
		{B323401F-448F-462E-9AF2-6D34FEF7900C}.Debug|x64.Build.0 = Debug|Any CPU
		{B323401F-448F-462E-9AF2-6D34FEF7900C}.Debug|x86.ActiveCfg = Debug|Any CPU
		{B323401F-448F-462E-9AF2-6D34FEF7900C}.Debug|x86.Build.0 = Debug|Any CPU
		{B323401F-448F-462E-9AF2-6D34FEF7900C}.Debug2|Any CPU.ActiveCfg = Debug|Any CPU
		{B323401F-448F-462E-9AF2-6D34FEF7900C}.Debug2|Any CPU.Build.0 = Debug|Any CPU
		{B323401F-448F-462E-9AF2-6D34FEF7900C}.Debug2|x64.ActiveCfg = Debug|Any CPU
		{B323401F-448F-462E-9AF2-6D34FEF7900C}.Debug2|x64.Build.0 = Debug|Any CPU
		{B323401F-448F-462E-9AF2-6D34FEF7900C}.Debug2|x86.ActiveCfg = Debug|Any CPU
		{B323401F-448F-462E-9AF2-6D34FEF7900C}.Debug2|x86.Build.0 = Debug|Any CPU
		{B323401F-448F-462E-9AF2-6D34FEF7900C}.Release|Any CPU.ActiveCfg = Release|Any CPU
		{B323401F-448F-462E-9AF2-6D34FEF7900C}.Release|Any CPU.Build.0 = Release|Any CPU
		{B323401F-448F-462E-9AF2-6D34FEF7900C}.Release|x64.ActiveCfg = Release|Any CPU
		{B323401F-448F-462E-9AF2-6D34FEF7900C}.Release|x64.Build.0 = Release|Any CPU
		{B323401F-448F-462E-9AF2-6D34FEF7900C}.Release|x86.ActiveCfg = Release|Any CPU
		{B323401F-448F-462E-9AF2-6D34FEF7900C}.Release|x86.Build.0 = Release|Any CPU
		{E4B704E3-4529-4BB4-9F8B-57B9D1276612}.Debug|Any CPU.ActiveCfg = Debug|Any CPU
		{E4B704E3-4529-4BB4-9F8B-57B9D1276612}.Debug|Any CPU.Build.0 = Debug|Any CPU
		{E4B704E3-4529-4BB4-9F8B-57B9D1276612}.Debug|x64.ActiveCfg = Debug|Any CPU
		{E4B704E3-4529-4BB4-9F8B-57B9D1276612}.Debug|x64.Build.0 = Debug|Any CPU
		{E4B704E3-4529-4BB4-9F8B-57B9D1276612}.Debug|x86.ActiveCfg = Debug|Any CPU
		{E4B704E3-4529-4BB4-9F8B-57B9D1276612}.Debug|x86.Build.0 = Debug|Any CPU
		{E4B704E3-4529-4BB4-9F8B-57B9D1276612}.Debug2|Any CPU.ActiveCfg = Debug|Any CPU
		{E4B704E3-4529-4BB4-9F8B-57B9D1276612}.Debug2|Any CPU.Build.0 = Debug|Any CPU
		{E4B704E3-4529-4BB4-9F8B-57B9D1276612}.Debug2|x64.ActiveCfg = Debug|Any CPU
		{E4B704E3-4529-4BB4-9F8B-57B9D1276612}.Debug2|x64.Build.0 = Debug|Any CPU
		{E4B704E3-4529-4BB4-9F8B-57B9D1276612}.Debug2|x86.ActiveCfg = Debug|Any CPU
		{E4B704E3-4529-4BB4-9F8B-57B9D1276612}.Debug2|x86.Build.0 = Debug|Any CPU
		{E4B704E3-4529-4BB4-9F8B-57B9D1276612}.Release|Any CPU.ActiveCfg = Release|Any CPU
		{E4B704E3-4529-4BB4-9F8B-57B9D1276612}.Release|Any CPU.Build.0 = Release|Any CPU
		{E4B704E3-4529-4BB4-9F8B-57B9D1276612}.Release|x64.ActiveCfg = Release|Any CPU
		{E4B704E3-4529-4BB4-9F8B-57B9D1276612}.Release|x64.Build.0 = Release|Any CPU
		{E4B704E3-4529-4BB4-9F8B-57B9D1276612}.Release|x86.ActiveCfg = Release|Any CPU
		{E4B704E3-4529-4BB4-9F8B-57B9D1276612}.Release|x86.Build.0 = Release|Any CPU
		{8162A30E-A46D-4A78-BA12-1F376AC6F1B4}.Debug|Any CPU.ActiveCfg = Debug|Any CPU
		{8162A30E-A46D-4A78-BA12-1F376AC6F1B4}.Debug|Any CPU.Build.0 = Debug|Any CPU
		{8162A30E-A46D-4A78-BA12-1F376AC6F1B4}.Debug|x64.ActiveCfg = Debug|Any CPU
		{8162A30E-A46D-4A78-BA12-1F376AC6F1B4}.Debug|x64.Build.0 = Debug|Any CPU
		{8162A30E-A46D-4A78-BA12-1F376AC6F1B4}.Debug|x86.ActiveCfg = Debug|Any CPU
		{8162A30E-A46D-4A78-BA12-1F376AC6F1B4}.Debug|x86.Build.0 = Debug|Any CPU
		{8162A30E-A46D-4A78-BA12-1F376AC6F1B4}.Debug2|Any CPU.ActiveCfg = Debug2|Any CPU
		{8162A30E-A46D-4A78-BA12-1F376AC6F1B4}.Debug2|Any CPU.Build.0 = Debug2|Any CPU
		{8162A30E-A46D-4A78-BA12-1F376AC6F1B4}.Debug2|x64.ActiveCfg = Debug2|Any CPU
		{8162A30E-A46D-4A78-BA12-1F376AC6F1B4}.Debug2|x64.Build.0 = Debug2|Any CPU
		{8162A30E-A46D-4A78-BA12-1F376AC6F1B4}.Debug2|x86.ActiveCfg = Debug2|Any CPU
		{8162A30E-A46D-4A78-BA12-1F376AC6F1B4}.Debug2|x86.Build.0 = Debug2|Any CPU
		{8162A30E-A46D-4A78-BA12-1F376AC6F1B4}.Release|Any CPU.ActiveCfg = Release|Any CPU
		{8162A30E-A46D-4A78-BA12-1F376AC6F1B4}.Release|Any CPU.Build.0 = Release|Any CPU
		{8162A30E-A46D-4A78-BA12-1F376AC6F1B4}.Release|x64.ActiveCfg = Release|Any CPU
		{8162A30E-A46D-4A78-BA12-1F376AC6F1B4}.Release|x64.Build.0 = Release|Any CPU
		{8162A30E-A46D-4A78-BA12-1F376AC6F1B4}.Release|x86.ActiveCfg = Release|Any CPU
		{8162A30E-A46D-4A78-BA12-1F376AC6F1B4}.Release|x86.Build.0 = Release|Any CPU
		{C3893D47-A3CE-4496-A5C6-5D1458588315}.Debug|Any CPU.ActiveCfg = Debug|Any CPU
		{C3893D47-A3CE-4496-A5C6-5D1458588315}.Debug|Any CPU.Build.0 = Debug|Any CPU
		{C3893D47-A3CE-4496-A5C6-5D1458588315}.Debug|x64.ActiveCfg = Debug|Any CPU
		{C3893D47-A3CE-4496-A5C6-5D1458588315}.Debug|x64.Build.0 = Debug|Any CPU
		{C3893D47-A3CE-4496-A5C6-5D1458588315}.Debug|x86.ActiveCfg = Debug|Any CPU
		{C3893D47-A3CE-4496-A5C6-5D1458588315}.Debug|x86.Build.0 = Debug|Any CPU
		{C3893D47-A3CE-4496-A5C6-5D1458588315}.Debug2|Any CPU.ActiveCfg = Debug|Any CPU
		{C3893D47-A3CE-4496-A5C6-5D1458588315}.Debug2|Any CPU.Build.0 = Debug|Any CPU
		{C3893D47-A3CE-4496-A5C6-5D1458588315}.Debug2|x64.ActiveCfg = Debug|Any CPU
		{C3893D47-A3CE-4496-A5C6-5D1458588315}.Debug2|x64.Build.0 = Debug|Any CPU
		{C3893D47-A3CE-4496-A5C6-5D1458588315}.Debug2|x86.ActiveCfg = Debug|Any CPU
		{C3893D47-A3CE-4496-A5C6-5D1458588315}.Debug2|x86.Build.0 = Debug|Any CPU
		{C3893D47-A3CE-4496-A5C6-5D1458588315}.Release|Any CPU.ActiveCfg = Release|Any CPU
		{C3893D47-A3CE-4496-A5C6-5D1458588315}.Release|Any CPU.Build.0 = Release|Any CPU
		{C3893D47-A3CE-4496-A5C6-5D1458588315}.Release|x64.ActiveCfg = Release|Any CPU
		{C3893D47-A3CE-4496-A5C6-5D1458588315}.Release|x64.Build.0 = Release|Any CPU
		{C3893D47-A3CE-4496-A5C6-5D1458588315}.Release|x86.ActiveCfg = Release|Any CPU
		{C3893D47-A3CE-4496-A5C6-5D1458588315}.Release|x86.Build.0 = Release|Any CPU
		{F9D7F0EE-D4FF-4455-87BE-08539D2D1982}.Debug|Any CPU.ActiveCfg = Debug|Any CPU
		{F9D7F0EE-D4FF-4455-87BE-08539D2D1982}.Debug|Any CPU.Build.0 = Debug|Any CPU
		{F9D7F0EE-D4FF-4455-87BE-08539D2D1982}.Debug|x64.ActiveCfg = Debug|Any CPU
		{F9D7F0EE-D4FF-4455-87BE-08539D2D1982}.Debug|x64.Build.0 = Debug|Any CPU
		{F9D7F0EE-D4FF-4455-87BE-08539D2D1982}.Debug|x86.ActiveCfg = Debug|Any CPU
		{F9D7F0EE-D4FF-4455-87BE-08539D2D1982}.Debug|x86.Build.0 = Debug|Any CPU
		{F9D7F0EE-D4FF-4455-87BE-08539D2D1982}.Debug2|Any CPU.ActiveCfg = Debug|Any CPU
		{F9D7F0EE-D4FF-4455-87BE-08539D2D1982}.Debug2|Any CPU.Build.0 = Debug|Any CPU
		{F9D7F0EE-D4FF-4455-87BE-08539D2D1982}.Debug2|x64.ActiveCfg = Debug|Any CPU
		{F9D7F0EE-D4FF-4455-87BE-08539D2D1982}.Debug2|x64.Build.0 = Debug|Any CPU
		{F9D7F0EE-D4FF-4455-87BE-08539D2D1982}.Debug2|x86.ActiveCfg = Debug|Any CPU
		{F9D7F0EE-D4FF-4455-87BE-08539D2D1982}.Debug2|x86.Build.0 = Debug|Any CPU
		{F9D7F0EE-D4FF-4455-87BE-08539D2D1982}.Release|Any CPU.ActiveCfg = Release|Any CPU
		{F9D7F0EE-D4FF-4455-87BE-08539D2D1982}.Release|Any CPU.Build.0 = Release|Any CPU
		{F9D7F0EE-D4FF-4455-87BE-08539D2D1982}.Release|x64.ActiveCfg = Release|Any CPU
		{F9D7F0EE-D4FF-4455-87BE-08539D2D1982}.Release|x64.Build.0 = Release|Any CPU
		{F9D7F0EE-D4FF-4455-87BE-08539D2D1982}.Release|x86.ActiveCfg = Release|Any CPU
		{F9D7F0EE-D4FF-4455-87BE-08539D2D1982}.Release|x86.Build.0 = Release|Any CPU
		{C73FFCC5-1967-4DD1-A50E-861008D21C65}.Debug|Any CPU.ActiveCfg = Debug|Any CPU
		{C73FFCC5-1967-4DD1-A50E-861008D21C65}.Debug|Any CPU.Build.0 = Debug|Any CPU
		{C73FFCC5-1967-4DD1-A50E-861008D21C65}.Debug|x64.ActiveCfg = Debug|Any CPU
		{C73FFCC5-1967-4DD1-A50E-861008D21C65}.Debug|x64.Build.0 = Debug|Any CPU
		{C73FFCC5-1967-4DD1-A50E-861008D21C65}.Debug|x86.ActiveCfg = Debug|Any CPU
		{C73FFCC5-1967-4DD1-A50E-861008D21C65}.Debug|x86.Build.0 = Debug|Any CPU
		{C73FFCC5-1967-4DD1-A50E-861008D21C65}.Debug2|Any CPU.ActiveCfg = Debug|Any CPU
		{C73FFCC5-1967-4DD1-A50E-861008D21C65}.Debug2|Any CPU.Build.0 = Debug|Any CPU
		{C73FFCC5-1967-4DD1-A50E-861008D21C65}.Debug2|x64.ActiveCfg = Debug|Any CPU
		{C73FFCC5-1967-4DD1-A50E-861008D21C65}.Debug2|x64.Build.0 = Debug|Any CPU
		{C73FFCC5-1967-4DD1-A50E-861008D21C65}.Debug2|x86.ActiveCfg = Debug|Any CPU
		{C73FFCC5-1967-4DD1-A50E-861008D21C65}.Debug2|x86.Build.0 = Debug|Any CPU
		{C73FFCC5-1967-4DD1-A50E-861008D21C65}.Release|Any CPU.ActiveCfg = Release|Any CPU
		{C73FFCC5-1967-4DD1-A50E-861008D21C65}.Release|Any CPU.Build.0 = Release|Any CPU
		{C73FFCC5-1967-4DD1-A50E-861008D21C65}.Release|x64.ActiveCfg = Release|Any CPU
		{C73FFCC5-1967-4DD1-A50E-861008D21C65}.Release|x64.Build.0 = Release|Any CPU
		{C73FFCC5-1967-4DD1-A50E-861008D21C65}.Release|x86.ActiveCfg = Release|Any CPU
		{C73FFCC5-1967-4DD1-A50E-861008D21C65}.Release|x86.Build.0 = Release|Any CPU
		{785380E0-CEB9-4C34-82E5-60D0E33E848E}.Debug|Any CPU.ActiveCfg = Debug|Any CPU
		{785380E0-CEB9-4C34-82E5-60D0E33E848E}.Debug|Any CPU.Build.0 = Debug|Any CPU
		{785380E0-CEB9-4C34-82E5-60D0E33E848E}.Debug|x64.ActiveCfg = Debug|Any CPU
		{785380E0-CEB9-4C34-82E5-60D0E33E848E}.Debug|x64.Build.0 = Debug|Any CPU
		{785380E0-CEB9-4C34-82E5-60D0E33E848E}.Debug|x86.ActiveCfg = Debug|Any CPU
		{785380E0-CEB9-4C34-82E5-60D0E33E848E}.Debug|x86.Build.0 = Debug|Any CPU
		{785380E0-CEB9-4C34-82E5-60D0E33E848E}.Debug2|Any CPU.ActiveCfg = Debug|Any CPU
		{785380E0-CEB9-4C34-82E5-60D0E33E848E}.Debug2|Any CPU.Build.0 = Debug|Any CPU
		{785380E0-CEB9-4C34-82E5-60D0E33E848E}.Debug2|x64.ActiveCfg = Debug|Any CPU
		{785380E0-CEB9-4C34-82E5-60D0E33E848E}.Debug2|x64.Build.0 = Debug|Any CPU
		{785380E0-CEB9-4C34-82E5-60D0E33E848E}.Debug2|x86.ActiveCfg = Debug|Any CPU
		{785380E0-CEB9-4C34-82E5-60D0E33E848E}.Debug2|x86.Build.0 = Debug|Any CPU
		{785380E0-CEB9-4C34-82E5-60D0E33E848E}.Release|Any CPU.ActiveCfg = Release|Any CPU
		{785380E0-CEB9-4C34-82E5-60D0E33E848E}.Release|Any CPU.Build.0 = Release|Any CPU
		{785380E0-CEB9-4C34-82E5-60D0E33E848E}.Release|x64.ActiveCfg = Release|Any CPU
		{785380E0-CEB9-4C34-82E5-60D0E33E848E}.Release|x64.Build.0 = Release|Any CPU
		{785380E0-CEB9-4C34-82E5-60D0E33E848E}.Release|x86.ActiveCfg = Release|Any CPU
		{785380E0-CEB9-4C34-82E5-60D0E33E848E}.Release|x86.Build.0 = Release|Any CPU
		{9B062971-A88E-4A3D-B3C9-12B78D15FA66}.Debug|Any CPU.ActiveCfg = Debug|Any CPU
		{9B062971-A88E-4A3D-B3C9-12B78D15FA66}.Debug|Any CPU.Build.0 = Debug|Any CPU
		{9B062971-A88E-4A3D-B3C9-12B78D15FA66}.Debug|x64.ActiveCfg = Debug|Any CPU
		{9B062971-A88E-4A3D-B3C9-12B78D15FA66}.Debug|x64.Build.0 = Debug|Any CPU
		{9B062971-A88E-4A3D-B3C9-12B78D15FA66}.Debug|x86.ActiveCfg = Debug|Any CPU
		{9B062971-A88E-4A3D-B3C9-12B78D15FA66}.Debug|x86.Build.0 = Debug|Any CPU
		{9B062971-A88E-4A3D-B3C9-12B78D15FA66}.Debug2|Any CPU.ActiveCfg = Debug|Any CPU
		{9B062971-A88E-4A3D-B3C9-12B78D15FA66}.Debug2|Any CPU.Build.0 = Debug|Any CPU
		{9B062971-A88E-4A3D-B3C9-12B78D15FA66}.Debug2|x64.ActiveCfg = Debug|Any CPU
		{9B062971-A88E-4A3D-B3C9-12B78D15FA66}.Debug2|x64.Build.0 = Debug|Any CPU
		{9B062971-A88E-4A3D-B3C9-12B78D15FA66}.Debug2|x86.ActiveCfg = Debug|Any CPU
		{9B062971-A88E-4A3D-B3C9-12B78D15FA66}.Debug2|x86.Build.0 = Debug|Any CPU
		{9B062971-A88E-4A3D-B3C9-12B78D15FA66}.Release|Any CPU.ActiveCfg = Release|Any CPU
		{9B062971-A88E-4A3D-B3C9-12B78D15FA66}.Release|Any CPU.Build.0 = Release|Any CPU
		{9B062971-A88E-4A3D-B3C9-12B78D15FA66}.Release|x64.ActiveCfg = Release|Any CPU
		{9B062971-A88E-4A3D-B3C9-12B78D15FA66}.Release|x64.Build.0 = Release|Any CPU
		{9B062971-A88E-4A3D-B3C9-12B78D15FA66}.Release|x86.ActiveCfg = Release|Any CPU
		{9B062971-A88E-4A3D-B3C9-12B78D15FA66}.Release|x86.Build.0 = Release|Any CPU
		{F5FFA03A-B8FE-4D00-A143-976F7572C8C1}.Debug|Any CPU.ActiveCfg = Debug|Any CPU
		{F5FFA03A-B8FE-4D00-A143-976F7572C8C1}.Debug|Any CPU.Build.0 = Debug|Any CPU
		{F5FFA03A-B8FE-4D00-A143-976F7572C8C1}.Debug|x64.ActiveCfg = Debug|Any CPU
		{F5FFA03A-B8FE-4D00-A143-976F7572C8C1}.Debug|x64.Build.0 = Debug|Any CPU
		{F5FFA03A-B8FE-4D00-A143-976F7572C8C1}.Debug|x86.ActiveCfg = Debug|Any CPU
		{F5FFA03A-B8FE-4D00-A143-976F7572C8C1}.Debug|x86.Build.0 = Debug|Any CPU
		{F5FFA03A-B8FE-4D00-A143-976F7572C8C1}.Debug2|Any CPU.ActiveCfg = Debug|Any CPU
		{F5FFA03A-B8FE-4D00-A143-976F7572C8C1}.Debug2|Any CPU.Build.0 = Debug|Any CPU
		{F5FFA03A-B8FE-4D00-A143-976F7572C8C1}.Debug2|x64.ActiveCfg = Debug|Any CPU
		{F5FFA03A-B8FE-4D00-A143-976F7572C8C1}.Debug2|x64.Build.0 = Debug|Any CPU
		{F5FFA03A-B8FE-4D00-A143-976F7572C8C1}.Debug2|x86.ActiveCfg = Debug|Any CPU
		{F5FFA03A-B8FE-4D00-A143-976F7572C8C1}.Debug2|x86.Build.0 = Debug|Any CPU
		{F5FFA03A-B8FE-4D00-A143-976F7572C8C1}.Release|Any CPU.ActiveCfg = Release|Any CPU
		{F5FFA03A-B8FE-4D00-A143-976F7572C8C1}.Release|Any CPU.Build.0 = Release|Any CPU
		{F5FFA03A-B8FE-4D00-A143-976F7572C8C1}.Release|x64.ActiveCfg = Release|Any CPU
		{F5FFA03A-B8FE-4D00-A143-976F7572C8C1}.Release|x64.Build.0 = Release|Any CPU
		{F5FFA03A-B8FE-4D00-A143-976F7572C8C1}.Release|x86.ActiveCfg = Release|Any CPU
		{F5FFA03A-B8FE-4D00-A143-976F7572C8C1}.Release|x86.Build.0 = Release|Any CPU
		{F1C189EC-558C-4FBA-BD39-3696FC0EA4E1}.Debug|Any CPU.ActiveCfg = Debug|Any CPU
		{F1C189EC-558C-4FBA-BD39-3696FC0EA4E1}.Debug|Any CPU.Build.0 = Debug|Any CPU
		{F1C189EC-558C-4FBA-BD39-3696FC0EA4E1}.Debug|x64.ActiveCfg = Debug|Any CPU
		{F1C189EC-558C-4FBA-BD39-3696FC0EA4E1}.Debug|x64.Build.0 = Debug|Any CPU
		{F1C189EC-558C-4FBA-BD39-3696FC0EA4E1}.Debug|x86.ActiveCfg = Debug|Any CPU
		{F1C189EC-558C-4FBA-BD39-3696FC0EA4E1}.Debug|x86.Build.0 = Debug|Any CPU
		{F1C189EC-558C-4FBA-BD39-3696FC0EA4E1}.Debug2|Any CPU.ActiveCfg = Debug|Any CPU
		{F1C189EC-558C-4FBA-BD39-3696FC0EA4E1}.Debug2|Any CPU.Build.0 = Debug|Any CPU
		{F1C189EC-558C-4FBA-BD39-3696FC0EA4E1}.Debug2|x64.ActiveCfg = Debug|Any CPU
		{F1C189EC-558C-4FBA-BD39-3696FC0EA4E1}.Debug2|x64.Build.0 = Debug|Any CPU
		{F1C189EC-558C-4FBA-BD39-3696FC0EA4E1}.Debug2|x86.ActiveCfg = Debug|Any CPU
		{F1C189EC-558C-4FBA-BD39-3696FC0EA4E1}.Debug2|x86.Build.0 = Debug|Any CPU
		{F1C189EC-558C-4FBA-BD39-3696FC0EA4E1}.Release|Any CPU.ActiveCfg = Release|Any CPU
		{F1C189EC-558C-4FBA-BD39-3696FC0EA4E1}.Release|Any CPU.Build.0 = Release|Any CPU
		{F1C189EC-558C-4FBA-BD39-3696FC0EA4E1}.Release|x64.ActiveCfg = Release|Any CPU
		{F1C189EC-558C-4FBA-BD39-3696FC0EA4E1}.Release|x64.Build.0 = Release|Any CPU
		{F1C189EC-558C-4FBA-BD39-3696FC0EA4E1}.Release|x86.ActiveCfg = Release|Any CPU
		{F1C189EC-558C-4FBA-BD39-3696FC0EA4E1}.Release|x86.Build.0 = Release|Any CPU
		{0FEE5A0E-3DD1-48CE-B20A-08FFF2B6DC60}.Debug|Any CPU.ActiveCfg = Debug|Any CPU
		{0FEE5A0E-3DD1-48CE-B20A-08FFF2B6DC60}.Debug|Any CPU.Build.0 = Debug|Any CPU
		{0FEE5A0E-3DD1-48CE-B20A-08FFF2B6DC60}.Debug|x64.ActiveCfg = Debug|Any CPU
		{0FEE5A0E-3DD1-48CE-B20A-08FFF2B6DC60}.Debug|x64.Build.0 = Debug|Any CPU
		{0FEE5A0E-3DD1-48CE-B20A-08FFF2B6DC60}.Debug|x86.ActiveCfg = Debug|Any CPU
		{0FEE5A0E-3DD1-48CE-B20A-08FFF2B6DC60}.Debug|x86.Build.0 = Debug|Any CPU
		{0FEE5A0E-3DD1-48CE-B20A-08FFF2B6DC60}.Debug2|Any CPU.ActiveCfg = Debug|Any CPU
		{0FEE5A0E-3DD1-48CE-B20A-08FFF2B6DC60}.Debug2|Any CPU.Build.0 = Debug|Any CPU
		{0FEE5A0E-3DD1-48CE-B20A-08FFF2B6DC60}.Debug2|x64.ActiveCfg = Debug|Any CPU
		{0FEE5A0E-3DD1-48CE-B20A-08FFF2B6DC60}.Debug2|x64.Build.0 = Debug|Any CPU
		{0FEE5A0E-3DD1-48CE-B20A-08FFF2B6DC60}.Debug2|x86.ActiveCfg = Debug|Any CPU
		{0FEE5A0E-3DD1-48CE-B20A-08FFF2B6DC60}.Debug2|x86.Build.0 = Debug|Any CPU
		{0FEE5A0E-3DD1-48CE-B20A-08FFF2B6DC60}.Release|Any CPU.ActiveCfg = Release|Any CPU
		{0FEE5A0E-3DD1-48CE-B20A-08FFF2B6DC60}.Release|Any CPU.Build.0 = Release|Any CPU
		{0FEE5A0E-3DD1-48CE-B20A-08FFF2B6DC60}.Release|x64.ActiveCfg = Release|Any CPU
		{0FEE5A0E-3DD1-48CE-B20A-08FFF2B6DC60}.Release|x64.Build.0 = Release|Any CPU
		{0FEE5A0E-3DD1-48CE-B20A-08FFF2B6DC60}.Release|x86.ActiveCfg = Release|Any CPU
		{0FEE5A0E-3DD1-48CE-B20A-08FFF2B6DC60}.Release|x86.Build.0 = Release|Any CPU
		{DB2581E6-7593-4009-93D7-9653A19B2441}.Debug|Any CPU.ActiveCfg = Debug|Win32
		{DB2581E6-7593-4009-93D7-9653A19B2441}.Debug|Any CPU.Build.0 = Debug|Win32
		{DB2581E6-7593-4009-93D7-9653A19B2441}.Debug|x64.ActiveCfg = Debug|x64
		{DB2581E6-7593-4009-93D7-9653A19B2441}.Debug|x64.Build.0 = Debug|x64
		{DB2581E6-7593-4009-93D7-9653A19B2441}.Debug|x86.ActiveCfg = Debug|Win32
		{DB2581E6-7593-4009-93D7-9653A19B2441}.Debug|x86.Build.0 = Debug|Win32
		{DB2581E6-7593-4009-93D7-9653A19B2441}.Debug2|Any CPU.ActiveCfg = Release|x64
		{DB2581E6-7593-4009-93D7-9653A19B2441}.Debug2|Any CPU.Build.0 = Release|x64
		{DB2581E6-7593-4009-93D7-9653A19B2441}.Debug2|x64.ActiveCfg = Debug|x64
		{DB2581E6-7593-4009-93D7-9653A19B2441}.Debug2|x64.Build.0 = Debug|x64
		{DB2581E6-7593-4009-93D7-9653A19B2441}.Debug2|x86.ActiveCfg = Debug|Win32
		{DB2581E6-7593-4009-93D7-9653A19B2441}.Debug2|x86.Build.0 = Debug|Win32
		{DB2581E6-7593-4009-93D7-9653A19B2441}.Release|Any CPU.ActiveCfg = Release|Win32
		{DB2581E6-7593-4009-93D7-9653A19B2441}.Release|x64.ActiveCfg = Release|x64
		{DB2581E6-7593-4009-93D7-9653A19B2441}.Release|x64.Build.0 = Release|x64
		{DB2581E6-7593-4009-93D7-9653A19B2441}.Release|x86.ActiveCfg = Release|Win32
		{DB2581E6-7593-4009-93D7-9653A19B2441}.Release|x86.Build.0 = Release|Win32
		{F638615D-771C-4B31-9666-7E36DE22211A}.Debug|Any CPU.ActiveCfg = Debug|Any CPU
		{F638615D-771C-4B31-9666-7E36DE22211A}.Debug|Any CPU.Build.0 = Debug|Any CPU
		{F638615D-771C-4B31-9666-7E36DE22211A}.Debug|x64.ActiveCfg = Debug|Any CPU
		{F638615D-771C-4B31-9666-7E36DE22211A}.Debug|x64.Build.0 = Debug|Any CPU
		{F638615D-771C-4B31-9666-7E36DE22211A}.Debug|x86.ActiveCfg = Debug|Any CPU
		{F638615D-771C-4B31-9666-7E36DE22211A}.Debug|x86.Build.0 = Debug|Any CPU
		{F638615D-771C-4B31-9666-7E36DE22211A}.Debug2|Any CPU.ActiveCfg = Debug|Any CPU
		{F638615D-771C-4B31-9666-7E36DE22211A}.Debug2|Any CPU.Build.0 = Debug|Any CPU
		{F638615D-771C-4B31-9666-7E36DE22211A}.Debug2|x64.ActiveCfg = Debug|Any CPU
		{F638615D-771C-4B31-9666-7E36DE22211A}.Debug2|x64.Build.0 = Debug|Any CPU
		{F638615D-771C-4B31-9666-7E36DE22211A}.Debug2|x86.ActiveCfg = Debug|Any CPU
		{F638615D-771C-4B31-9666-7E36DE22211A}.Debug2|x86.Build.0 = Debug|Any CPU
		{F638615D-771C-4B31-9666-7E36DE22211A}.Release|Any CPU.ActiveCfg = Release|Any CPU
		{F638615D-771C-4B31-9666-7E36DE22211A}.Release|Any CPU.Build.0 = Release|Any CPU
		{F638615D-771C-4B31-9666-7E36DE22211A}.Release|x64.ActiveCfg = Release|Any CPU
		{F638615D-771C-4B31-9666-7E36DE22211A}.Release|x64.Build.0 = Release|Any CPU
		{F638615D-771C-4B31-9666-7E36DE22211A}.Release|x86.ActiveCfg = Release|Any CPU
		{F638615D-771C-4B31-9666-7E36DE22211A}.Release|x86.Build.0 = Release|Any CPU
	EndGlobalSection
	GlobalSection(SolutionProperties) = preSolution
		HideSolutionNode = FALSE
	EndGlobalSection
EndGlobal
